// !$*UTF8*$!
{
	archiveVersion = 1;
	classes = {
	};
	objectVersion = 50;
	objects = {

/* Begin PBXBuildFile section */
		56333C36CD45782018FBB347 /* Pods_ImageSearchTests.framework in Frameworks */ = {isa = PBXBuildFile; fileRef = B6677E1A5C6F833726D2D6E7 /* Pods_ImageSearchTests.framework */; };
		5D3AA555222FD6F700CEE266 /* ImageSearchViewController.xib in Resources */ = {isa = PBXBuildFile; fileRef = 5D3AA554222FD6F700CEE266 /* ImageSearchViewController.xib */; };
		5D3AA556222FD6F700CEE266 /* ImageSearchViewController.xib in Resources */ = {isa = PBXBuildFile; fileRef = 5D3AA554222FD6F700CEE266 /* ImageSearchViewController.xib */; };
		5D3AA557222FD6F700CEE266 /* ImageSearchViewController.xib in Resources */ = {isa = PBXBuildFile; fileRef = 5D3AA554222FD6F700CEE266 /* ImageSearchViewController.xib */; };
		5D3AA559222FD7F400CEE266 /* LaunchScreenViewController.swift in Sources */ = {isa = PBXBuildFile; fileRef = 5D3AA558222FD7F400CEE266 /* LaunchScreenViewController.swift */; };
		5D3AA55A222FD7F400CEE266 /* LaunchScreenViewController.swift in Sources */ = {isa = PBXBuildFile; fileRef = 5D3AA558222FD7F400CEE266 /* LaunchScreenViewController.swift */; };
		5D3AA55B222FD7F400CEE266 /* LaunchScreenViewController.swift in Sources */ = {isa = PBXBuildFile; fileRef = 5D3AA558222FD7F400CEE266 /* LaunchScreenViewController.swift */; };
		5D3AA55F222FD96B00CEE266 /* UIViewController+Extension.swift in Sources */ = {isa = PBXBuildFile; fileRef = 5D3AA55E222FD96B00CEE266 /* UIViewController+Extension.swift */; };
		5D3AA560222FD96B00CEE266 /* UIViewController+Extension.swift in Sources */ = {isa = PBXBuildFile; fileRef = 5D3AA55E222FD96B00CEE266 /* UIViewController+Extension.swift */; };
		5D3AA561222FD96B00CEE266 /* UIViewController+Extension.swift in Sources */ = {isa = PBXBuildFile; fileRef = 5D3AA55E222FD96B00CEE266 /* UIViewController+Extension.swift */; };
		5D3AA564222FDCDD00CEE266 /* ImageSearchViewController.swift in Sources */ = {isa = PBXBuildFile; fileRef = 5DCACC5D221FF9B500663D37 /* ImageSearchViewController.swift */; };
		5D3AA565222FDCDD00CEE266 /* ImageSearchViewController.swift in Sources */ = {isa = PBXBuildFile; fileRef = 5DCACC5D221FF9B500663D37 /* ImageSearchViewController.swift */; };
		5D3AA567222FDD2D00CEE266 /* ImageDetailViewController.swift in Sources */ = {isa = PBXBuildFile; fileRef = 5D3AA566222FDD2D00CEE266 /* ImageDetailViewController.swift */; };
		5D3AA568222FDD2D00CEE266 /* ImageDetailViewController.swift in Sources */ = {isa = PBXBuildFile; fileRef = 5D3AA566222FDD2D00CEE266 /* ImageDetailViewController.swift */; };
		5D3AA569222FDD2D00CEE266 /* ImageDetailViewController.swift in Sources */ = {isa = PBXBuildFile; fileRef = 5D3AA566222FDD2D00CEE266 /* ImageDetailViewController.swift */; };
		5D3AA56F222FDD4100CEE266 /* ImageDetailViewController.xib in Resources */ = {isa = PBXBuildFile; fileRef = 5D3AA56E222FDD4100CEE266 /* ImageDetailViewController.xib */; };
		5D3AA570222FDD4100CEE266 /* ImageDetailViewController.xib in Resources */ = {isa = PBXBuildFile; fileRef = 5D3AA56E222FDD4100CEE266 /* ImageDetailViewController.xib */; };
		5D3AA571222FDD4100CEE266 /* ImageDetailViewController.xib in Resources */ = {isa = PBXBuildFile; fileRef = 5D3AA56E222FDD4100CEE266 /* ImageDetailViewController.xib */; };
		5D3AA57222300F0200CEE266 /* AppDelegate.swift in Sources */ = {isa = PBXBuildFile; fileRef = 5DCACC5B221FF9B500663D37 /* AppDelegate.swift */; };
		5D3AA57322300F0200CEE266 /* AppDelegate.swift in Sources */ = {isa = PBXBuildFile; fileRef = 5DCACC5B221FF9B500663D37 /* AppDelegate.swift */; };
		5D5305372238102500E702AD /* UnsplashImageService.swift in Sources */ = {isa = PBXBuildFile; fileRef = 5D5305362238102500E702AD /* UnsplashImageService.swift */; };
		5D5305382238102500E702AD /* UnsplashImageService.swift in Sources */ = {isa = PBXBuildFile; fileRef = 5D5305362238102500E702AD /* UnsplashImageService.swift */; };
		5D5305392238102500E702AD /* UnsplashImageService.swift in Sources */ = {isa = PBXBuildFile; fileRef = 5D5305362238102500E702AD /* UnsplashImageService.swift */; };
		5D53053B2238115600E702AD /* UnsplashImageListPresenter.swift in Sources */ = {isa = PBXBuildFile; fileRef = 5D53053A2238115600E702AD /* UnsplashImageListPresenter.swift */; };
		5D53053C2238115600E702AD /* UnsplashImageListPresenter.swift in Sources */ = {isa = PBXBuildFile; fileRef = 5D53053A2238115600E702AD /* UnsplashImageListPresenter.swift */; };
		5D53053D2238115600E702AD /* UnsplashImageListPresenter.swift in Sources */ = {isa = PBXBuildFile; fileRef = 5D53053A2238115600E702AD /* UnsplashImageListPresenter.swift */; };
		5D9E9FB82236C7CB0051C22F /* UnsplashImagePresenter.swift in Sources */ = {isa = PBXBuildFile; fileRef = 5D9E9FB72236C7CB0051C22F /* UnsplashImagePresenter.swift */; };
		5D9E9FB92236C7CB0051C22F /* UnsplashImagePresenter.swift in Sources */ = {isa = PBXBuildFile; fileRef = 5D9E9FB72236C7CB0051C22F /* UnsplashImagePresenter.swift */; };
		5D9E9FBA2236C7CB0051C22F /* UnsplashImagePresenter.swift in Sources */ = {isa = PBXBuildFile; fileRef = 5D9E9FB72236C7CB0051C22F /* UnsplashImagePresenter.swift */; };
		5DCACC5C221FF9B500663D37 /* AppDelegate.swift in Sources */ = {isa = PBXBuildFile; fileRef = 5DCACC5B221FF9B500663D37 /* AppDelegate.swift */; };
		5DCACC5E221FF9B500663D37 /* ImageSearchViewController.swift in Sources */ = {isa = PBXBuildFile; fileRef = 5DCACC5D221FF9B500663D37 /* ImageSearchViewController.swift */; };
		5DCACC61221FF9B500663D37 /* Main.storyboard in Resources */ = {isa = PBXBuildFile; fileRef = 5DCACC5F221FF9B500663D37 /* Main.storyboard */; };
		5DCACC63221FF9B600663D37 /* Assets.xcassets in Resources */ = {isa = PBXBuildFile; fileRef = 5DCACC62221FF9B600663D37 /* Assets.xcassets */; };
		5DCACC66221FF9B600663D37 /* LaunchScreen.storyboard in Resources */ = {isa = PBXBuildFile; fileRef = 5DCACC64221FF9B600663D37 /* LaunchScreen.storyboard */; };
		5DCACC71221FF9B600663D37 /* ImageSearchTests.swift in Sources */ = {isa = PBXBuildFile; fileRef = 5DCACC70221FF9B600663D37 /* ImageSearchTests.swift */; };
		5DCACC7C221FF9B600663D37 /* ImageSearchUITests.swift in Sources */ = {isa = PBXBuildFile; fileRef = 5DCACC7B221FF9B600663D37 /* ImageSearchUITests.swift */; };
		5DCACC8B221FFAD100663D37 /* ImageCell.swift in Sources */ = {isa = PBXBuildFile; fileRef = 5DCACC8A221FFAD100663D37 /* ImageCell.swift */; };
		5DCACC8C221FFAD100663D37 /* ImageCell.swift in Sources */ = {isa = PBXBuildFile; fileRef = 5DCACC8A221FFAD100663D37 /* ImageCell.swift */; };
		5DCACC8D221FFAD100663D37 /* ImageCell.swift in Sources */ = {isa = PBXBuildFile; fileRef = 5DCACC8A221FFAD100663D37 /* ImageCell.swift */; };
		5DCACC8F221FFB0A00663D37 /* ImageCell.xib in Resources */ = {isa = PBXBuildFile; fileRef = 5DCACC8E221FFB0A00663D37 /* ImageCell.xib */; };
		5DCACC90221FFB0A00663D37 /* ImageCell.xib in Resources */ = {isa = PBXBuildFile; fileRef = 5DCACC8E221FFB0A00663D37 /* ImageCell.xib */; };
		5DCACC91221FFB0A00663D37 /* ImageCell.xib in Resources */ = {isa = PBXBuildFile; fileRef = 5DCACC8E221FFB0A00663D37 /* ImageCell.xib */; };
		5DCACC9C221FFE1600663D37 /* UnsplashImage.swift in Sources */ = {isa = PBXBuildFile; fileRef = 5DCACC9B221FFE1600663D37 /* UnsplashImage.swift */; };
		5DCACC9D221FFE1600663D37 /* UnsplashImage.swift in Sources */ = {isa = PBXBuildFile; fileRef = 5DCACC9B221FFE1600663D37 /* UnsplashImage.swift */; };
		5DCACC9E221FFE1600663D37 /* UnsplashImage.swift in Sources */ = {isa = PBXBuildFile; fileRef = 5DCACC9B221FFE1600663D37 /* UnsplashImage.swift */; };
		5DCACCA322200CDE00663D37 /* ApiManager.swift in Sources */ = {isa = PBXBuildFile; fileRef = 5DCACCA222200CDE00663D37 /* ApiManager.swift */; };
		5DCACCA422200CDE00663D37 /* ApiManager.swift in Sources */ = {isa = PBXBuildFile; fileRef = 5DCACCA222200CDE00663D37 /* ApiManager.swift */; };
		5DCACCA522200CDE00663D37 /* ApiManager.swift in Sources */ = {isa = PBXBuildFile; fileRef = 5DCACCA222200CDE00663D37 /* ApiManager.swift */; };
		5DCACCA822202A1600663D37 /* UnsplashImageParser.swift in Sources */ = {isa = PBXBuildFile; fileRef = 5DCACCA722202A1600663D37 /* UnsplashImageParser.swift */; };
		5DCACCA922202A1600663D37 /* UnsplashImageParser.swift in Sources */ = {isa = PBXBuildFile; fileRef = 5DCACCA722202A1600663D37 /* UnsplashImageParser.swift */; };
		5DCACCAA22202A1600663D37 /* UnsplashImageParser.swift in Sources */ = {isa = PBXBuildFile; fileRef = 5DCACCA722202A1600663D37 /* UnsplashImageParser.swift */; };
		9DC3A6E594D00AE02F292058 /* Pods_ImageSearchUITests.framework in Frameworks */ = {isa = PBXBuildFile; fileRef = 7C68C9B1DF5D962B22282938 /* Pods_ImageSearchUITests.framework */; };
		BF20933CAF660904918F10AC /* Pods_ImageSearch.framework in Frameworks */ = {isa = PBXBuildFile; fileRef = 4430A54C87FBBC334A3FC397 /* Pods_ImageSearch.framework */; };
/* End PBXBuildFile section */

/* Begin PBXContainerItemProxy section */
		5DCACC6D221FF9B600663D37 /* PBXContainerItemProxy */ = {
			isa = PBXContainerItemProxy;
			containerPortal = 5DCACC50221FF9B500663D37 /* Project object */;
			proxyType = 1;
			remoteGlobalIDString = 5DCACC57221FF9B500663D37;
			remoteInfo = ImageSearch;
		};
		5DCACC78221FF9B600663D37 /* PBXContainerItemProxy */ = {
			isa = PBXContainerItemProxy;
			containerPortal = 5DCACC50221FF9B500663D37 /* Project object */;
			proxyType = 1;
			remoteGlobalIDString = 5DCACC57221FF9B500663D37;
			remoteInfo = ImageSearch;
		};
/* End PBXContainerItemProxy section */

/* Begin PBXFileReference section */
		31E729C24BF7C3D1095691E5 /* Pods-ImageSearchUITests.debug.xcconfig */ = {isa = PBXFileReference; includeInIndex = 1; lastKnownFileType = text.xcconfig; name = "Pods-ImageSearchUITests.debug.xcconfig"; path = "Pods/Target Support Files/Pods-ImageSearchUITests/Pods-ImageSearchUITests.debug.xcconfig"; sourceTree = "<group>"; };
		4430A54C87FBBC334A3FC397 /* Pods_ImageSearch.framework */ = {isa = PBXFileReference; explicitFileType = wrapper.framework; includeInIndex = 0; path = Pods_ImageSearch.framework; sourceTree = BUILT_PRODUCTS_DIR; };
		46DA867D342E626FB465334B /* Pods-ImageSearch.release.xcconfig */ = {isa = PBXFileReference; includeInIndex = 1; lastKnownFileType = text.xcconfig; name = "Pods-ImageSearch.release.xcconfig"; path = "Pods/Target Support Files/Pods-ImageSearch/Pods-ImageSearch.release.xcconfig"; sourceTree = "<group>"; };
		5D3AA554222FD6F700CEE266 /* ImageSearchViewController.xib */ = {isa = PBXFileReference; lastKnownFileType = file.xib; path = ImageSearchViewController.xib; sourceTree = "<group>"; };
		5D3AA558222FD7F400CEE266 /* LaunchScreenViewController.swift */ = {isa = PBXFileReference; lastKnownFileType = sourcecode.swift; path = LaunchScreenViewController.swift; sourceTree = "<group>"; };
		5D3AA55E222FD96B00CEE266 /* UIViewController+Extension.swift */ = {isa = PBXFileReference; lastKnownFileType = sourcecode.swift; path = "UIViewController+Extension.swift"; sourceTree = "<group>"; };
		5D3AA566222FDD2D00CEE266 /* ImageDetailViewController.swift */ = {isa = PBXFileReference; lastKnownFileType = sourcecode.swift; path = ImageDetailViewController.swift; sourceTree = "<group>"; };
		5D3AA56E222FDD4100CEE266 /* ImageDetailViewController.xib */ = {isa = PBXFileReference; lastKnownFileType = file.xib; path = ImageDetailViewController.xib; sourceTree = "<group>"; };
		5D5305362238102500E702AD /* UnsplashImageService.swift */ = {isa = PBXFileReference; lastKnownFileType = sourcecode.swift; path = UnsplashImageService.swift; sourceTree = "<group>"; };
		5D53053A2238115600E702AD /* UnsplashImageListPresenter.swift */ = {isa = PBXFileReference; lastKnownFileType = sourcecode.swift; path = UnsplashImageListPresenter.swift; sourceTree = "<group>"; };
		5D9E9FB72236C7CB0051C22F /* UnsplashImagePresenter.swift */ = {isa = PBXFileReference; lastKnownFileType = sourcecode.swift; path = UnsplashImagePresenter.swift; sourceTree = "<group>"; };
		5DCACC58221FF9B500663D37 /* ImageSearch.app */ = {isa = PBXFileReference; explicitFileType = wrapper.application; includeInIndex = 0; path = ImageSearch.app; sourceTree = BUILT_PRODUCTS_DIR; };
		5DCACC5B221FF9B500663D37 /* AppDelegate.swift */ = {isa = PBXFileReference; lastKnownFileType = sourcecode.swift; path = AppDelegate.swift; sourceTree = "<group>"; };
		5DCACC5D221FF9B500663D37 /* ImageSearchViewController.swift */ = {isa = PBXFileReference; lastKnownFileType = sourcecode.swift; path = ImageSearchViewController.swift; sourceTree = "<group>"; };
		5DCACC60221FF9B500663D37 /* Base */ = {isa = PBXFileReference; lastKnownFileType = file.storyboard; name = Base; path = Base.lproj/Main.storyboard; sourceTree = "<group>"; };
		5DCACC62221FF9B600663D37 /* Assets.xcassets */ = {isa = PBXFileReference; lastKnownFileType = folder.assetcatalog; path = Assets.xcassets; sourceTree = "<group>"; };
		5DCACC65221FF9B600663D37 /* Base */ = {isa = PBXFileReference; lastKnownFileType = file.storyboard; name = Base; path = Base.lproj/LaunchScreen.storyboard; sourceTree = "<group>"; };
		5DCACC67221FF9B600663D37 /* Info.plist */ = {isa = PBXFileReference; lastKnownFileType = text.plist.xml; path = Info.plist; sourceTree = "<group>"; };
		5DCACC6C221FF9B600663D37 /* ImageSearchTests.xctest */ = {isa = PBXFileReference; explicitFileType = wrapper.cfbundle; includeInIndex = 0; path = ImageSearchTests.xctest; sourceTree = BUILT_PRODUCTS_DIR; };
		5DCACC70221FF9B600663D37 /* ImageSearchTests.swift */ = {isa = PBXFileReference; lastKnownFileType = sourcecode.swift; path = ImageSearchTests.swift; sourceTree = "<group>"; };
		5DCACC72221FF9B600663D37 /* Info.plist */ = {isa = PBXFileReference; lastKnownFileType = text.plist.xml; path = Info.plist; sourceTree = "<group>"; };
		5DCACC77221FF9B600663D37 /* ImageSearchUITests.xctest */ = {isa = PBXFileReference; explicitFileType = wrapper.cfbundle; includeInIndex = 0; path = ImageSearchUITests.xctest; sourceTree = BUILT_PRODUCTS_DIR; };
		5DCACC7B221FF9B600663D37 /* ImageSearchUITests.swift */ = {isa = PBXFileReference; lastKnownFileType = sourcecode.swift; path = ImageSearchUITests.swift; sourceTree = "<group>"; };
		5DCACC7D221FF9B600663D37 /* Info.plist */ = {isa = PBXFileReference; lastKnownFileType = text.plist.xml; path = Info.plist; sourceTree = "<group>"; };
		5DCACC8A221FFAD100663D37 /* ImageCell.swift */ = {isa = PBXFileReference; lastKnownFileType = sourcecode.swift; path = ImageCell.swift; sourceTree = "<group>"; };
		5DCACC8E221FFB0A00663D37 /* ImageCell.xib */ = {isa = PBXFileReference; lastKnownFileType = file.xib; path = ImageCell.xib; sourceTree = "<group>"; };
		5DCACC9B221FFE1600663D37 /* UnsplashImage.swift */ = {isa = PBXFileReference; lastKnownFileType = sourcecode.swift; path = UnsplashImage.swift; sourceTree = "<group>"; };
		5DCACCA222200CDE00663D37 /* ApiManager.swift */ = {isa = PBXFileReference; lastKnownFileType = sourcecode.swift; path = ApiManager.swift; sourceTree = "<group>"; };
		5DCACCA722202A1600663D37 /* UnsplashImageParser.swift */ = {isa = PBXFileReference; lastKnownFileType = sourcecode.swift; path = UnsplashImageParser.swift; sourceTree = "<group>"; };
		6903BE43E18E8E6C1FD5FE17 /* Pods-ImageSearchTests.debug.xcconfig */ = {isa = PBXFileReference; includeInIndex = 1; lastKnownFileType = text.xcconfig; name = "Pods-ImageSearchTests.debug.xcconfig"; path = "Pods/Target Support Files/Pods-ImageSearchTests/Pods-ImageSearchTests.debug.xcconfig"; sourceTree = "<group>"; };
		7C68C9B1DF5D962B22282938 /* Pods_ImageSearchUITests.framework */ = {isa = PBXFileReference; explicitFileType = wrapper.framework; includeInIndex = 0; path = Pods_ImageSearchUITests.framework; sourceTree = BUILT_PRODUCTS_DIR; };
		7CBBB3597A2B44C839E178BF /* Pods-ImageSearch.debug.xcconfig */ = {isa = PBXFileReference; includeInIndex = 1; lastKnownFileType = text.xcconfig; name = "Pods-ImageSearch.debug.xcconfig"; path = "Pods/Target Support Files/Pods-ImageSearch/Pods-ImageSearch.debug.xcconfig"; sourceTree = "<group>"; };
		B3A558DC81ED3AA000756172 /* Pods-ImageSearchUITests.release.xcconfig */ = {isa = PBXFileReference; includeInIndex = 1; lastKnownFileType = text.xcconfig; name = "Pods-ImageSearchUITests.release.xcconfig"; path = "Pods/Target Support Files/Pods-ImageSearchUITests/Pods-ImageSearchUITests.release.xcconfig"; sourceTree = "<group>"; };
		B6677E1A5C6F833726D2D6E7 /* Pods_ImageSearchTests.framework */ = {isa = PBXFileReference; explicitFileType = wrapper.framework; includeInIndex = 0; path = Pods_ImageSearchTests.framework; sourceTree = BUILT_PRODUCTS_DIR; };
		E8FB68971DE05CC20FF176B6 /* Pods-ImageSearchTests.release.xcconfig */ = {isa = PBXFileReference; includeInIndex = 1; lastKnownFileType = text.xcconfig; name = "Pods-ImageSearchTests.release.xcconfig"; path = "Pods/Target Support Files/Pods-ImageSearchTests/Pods-ImageSearchTests.release.xcconfig"; sourceTree = "<group>"; };
/* End PBXFileReference section */

/* Begin PBXFrameworksBuildPhase section */
		5DCACC55221FF9B500663D37 /* Frameworks */ = {
			isa = PBXFrameworksBuildPhase;
			buildActionMask = 2147483647;
			files = (
				BF20933CAF660904918F10AC /* Pods_ImageSearch.framework in Frameworks */,
			);
			runOnlyForDeploymentPostprocessing = 0;
		};
		5DCACC69221FF9B600663D37 /* Frameworks */ = {
			isa = PBXFrameworksBuildPhase;
			buildActionMask = 2147483647;
			files = (
				56333C36CD45782018FBB347 /* Pods_ImageSearchTests.framework in Frameworks */,
			);
			runOnlyForDeploymentPostprocessing = 0;
		};
		5DCACC74221FF9B600663D37 /* Frameworks */ = {
			isa = PBXFrameworksBuildPhase;
			buildActionMask = 2147483647;
			files = (
				9DC3A6E594D00AE02F292058 /* Pods_ImageSearchUITests.framework in Frameworks */,
			);
			runOnlyForDeploymentPostprocessing = 0;
		};
/* End PBXFrameworksBuildPhase section */

/* Begin PBXGroup section */
		5D3AA55C222FD94C00CEE266 /* Utils */ = {
			isa = PBXGroup;
			children = (
				5D3AA55D222FD95600CEE266 /* Extensions */,
			);
			path = Utils;
			sourceTree = "<group>";
		};
		5D3AA55D222FD95600CEE266 /* Extensions */ = {
			isa = PBXGroup;
			children = (
				5D3AA55E222FD96B00CEE266 /* UIViewController+Extension.swift */,
			);
			path = Extensions;
			sourceTree = "<group>";
		};
		5D3AA563222FDCCE00CEE266 /* Classes */ = {
			isa = PBXGroup;
			children = (
				5D53053522380F2000E702AD /* Services */,
				5D9E9FB62236C7B00051C22F /* Presenters */,
				5DCACC89221FFABD00663D37 /* Cell */,
				5DCACC5D221FF9B500663D37 /* ImageSearchViewController.swift */,
				5D3AA554222FD6F700CEE266 /* ImageSearchViewController.xib */,
				5D3AA566222FDD2D00CEE266 /* ImageDetailViewController.swift */,
				5D3AA56E222FDD4100CEE266 /* ImageDetailViewController.xib */,
			);
			path = Classes;
			sourceTree = "<group>";
		};
		5D53053522380F2000E702AD /* Services */ = {
			isa = PBXGroup;
			children = (
				5D5305362238102500E702AD /* UnsplashImageService.swift */,
			);
			path = Services;
			sourceTree = "<group>";
		};
		5D9E9FB62236C7B00051C22F /* Presenters */ = {
			isa = PBXGroup;
			children = (
				5D9E9FB72236C7CB0051C22F /* UnsplashImagePresenter.swift */,
				5D53053A2238115600E702AD /* UnsplashImageListPresenter.swift */,
			);
			path = Presenters;
			sourceTree = "<group>";
		};
		5DCACC4F221FF9B500663D37 = {
			isa = PBXGroup;
			children = (
				5DCACC5A221FF9B500663D37 /* ImageSearch */,
				5DCACC6F221FF9B600663D37 /* ImageSearchTests */,
				5DCACC7A221FF9B600663D37 /* ImageSearchUITests */,
				5DCACC59221FF9B500663D37 /* Products */,
				B58A083B4016306115DED35A /* Pods */,
				7D55688B3BBE8ADE506ADF8E /* Frameworks */,
			);
			sourceTree = "<group>";
		};
		5DCACC59221FF9B500663D37 /* Products */ = {
			isa = PBXGroup;
			children = (
				5DCACC58221FF9B500663D37 /* ImageSearch.app */,
				5DCACC6C221FF9B600663D37 /* ImageSearchTests.xctest */,
				5DCACC77221FF9B600663D37 /* ImageSearchUITests.xctest */,
			);
			name = Products;
			sourceTree = "<group>";
		};
		5DCACC5A221FF9B500663D37 /* ImageSearch */ = {
			isa = PBXGroup;
			children = (
				5D3AA563222FDCCE00CEE266 /* Classes */,
				5D3AA55C222FD94C00CEE266 /* Utils */,
				5DCACC9A221FFDE100663D37 /* Remote */,
				5D3AA558222FD7F400CEE266 /* LaunchScreenViewController.swift */,
				5DCACC64221FF9B600663D37 /* LaunchScreen.storyboard */,
				5DCACC5F221FF9B500663D37 /* Main.storyboard */,
				5DCACC5B221FF9B500663D37 /* AppDelegate.swift */,
				5DCACC67221FF9B600663D37 /* Info.plist */,
				5DCACC62221FF9B600663D37 /* Assets.xcassets */,
			);
			path = ImageSearch;
			sourceTree = "<group>";
		};
		5DCACC6F221FF9B600663D37 /* ImageSearchTests */ = {
			isa = PBXGroup;
			children = (
				5DCACC70221FF9B600663D37 /* ImageSearchTests.swift */,
				5DCACC72221FF9B600663D37 /* Info.plist */,
			);
			path = ImageSearchTests;
			sourceTree = "<group>";
		};
		5DCACC7A221FF9B600663D37 /* ImageSearchUITests */ = {
			isa = PBXGroup;
			children = (
				5DCACC7B221FF9B600663D37 /* ImageSearchUITests.swift */,
				5DCACC7D221FF9B600663D37 /* Info.plist */,
			);
			path = ImageSearchUITests;
			sourceTree = "<group>";
		};
		5DCACC89221FFABD00663D37 /* Cell */ = {
			isa = PBXGroup;
			children = (
				5DCACC8A221FFAD100663D37 /* ImageCell.swift */,
				5DCACC8E221FFB0A00663D37 /* ImageCell.xib */,
			);
			path = Cell;
			sourceTree = "<group>";
		};
		5DCACC9A221FFDE100663D37 /* Remote */ = {
			isa = PBXGroup;
			children = (
				5DCACCA122200CA700663D37 /* Manager */,
				5DCACC9F221FFF0C00663D37 /* Model */,
				5DCACCA622202A0000663D37 /* Parser */,
			);
			path = Remote;
			sourceTree = "<group>";
		};
		5DCACC9F221FFF0C00663D37 /* Model */ = {
			isa = PBXGroup;
			children = (
				5DCACC9B221FFE1600663D37 /* UnsplashImage.swift */,
			);
			path = Model;
			sourceTree = "<group>";
		};
		5DCACCA122200CA700663D37 /* Manager */ = {
			isa = PBXGroup;
			children = (
				5DCACCA222200CDE00663D37 /* ApiManager.swift */,
			);
			path = Manager;
			sourceTree = "<group>";
		};
		5DCACCA622202A0000663D37 /* Parser */ = {
			isa = PBXGroup;
			children = (
				5DCACCA722202A1600663D37 /* UnsplashImageParser.swift */,
			);
			path = Parser;
			sourceTree = "<group>";
		};
		7D55688B3BBE8ADE506ADF8E /* Frameworks */ = {
			isa = PBXGroup;
			children = (
				4430A54C87FBBC334A3FC397 /* Pods_ImageSearch.framework */,
				B6677E1A5C6F833726D2D6E7 /* Pods_ImageSearchTests.framework */,
				7C68C9B1DF5D962B22282938 /* Pods_ImageSearchUITests.framework */,
			);
			name = Frameworks;
			sourceTree = "<group>";
		};
		B58A083B4016306115DED35A /* Pods */ = {
			isa = PBXGroup;
			children = (
				7CBBB3597A2B44C839E178BF /* Pods-ImageSearch.debug.xcconfig */,
				46DA867D342E626FB465334B /* Pods-ImageSearch.release.xcconfig */,
				6903BE43E18E8E6C1FD5FE17 /* Pods-ImageSearchTests.debug.xcconfig */,
				E8FB68971DE05CC20FF176B6 /* Pods-ImageSearchTests.release.xcconfig */,
				31E729C24BF7C3D1095691E5 /* Pods-ImageSearchUITests.debug.xcconfig */,
				B3A558DC81ED3AA000756172 /* Pods-ImageSearchUITests.release.xcconfig */,
			);
			name = Pods;
			sourceTree = "<group>";
		};
/* End PBXGroup section */

/* Begin PBXNativeTarget section */
		5DCACC57221FF9B500663D37 /* ImageSearch */ = {
			isa = PBXNativeTarget;
			buildConfigurationList = 5DCACC80221FF9B600663D37 /* Build configuration list for PBXNativeTarget "ImageSearch" */;
			buildPhases = (
				EF37237FEA0A2D1EFE4068B4 /* [CP] Check Pods Manifest.lock */,
				5DCACC54221FF9B500663D37 /* Sources */,
				5DCACC55221FF9B500663D37 /* Frameworks */,
				5DCACC56221FF9B500663D37 /* Resources */,
				E7952CB25368BB9A24AECD82 /* [CP] Embed Pods Frameworks */,
			);
			buildRules = (
			);
			dependencies = (
			);
			name = ImageSearch;
			productName = ImageSearch;
			productReference = 5DCACC58221FF9B500663D37 /* ImageSearch.app */;
			productType = "com.apple.product-type.application";
		};
		5DCACC6B221FF9B600663D37 /* ImageSearchTests */ = {
			isa = PBXNativeTarget;
			buildConfigurationList = 5DCACC83221FF9B600663D37 /* Build configuration list for PBXNativeTarget "ImageSearchTests" */;
			buildPhases = (
				68DB583861FBB22ED8A1E8D3 /* [CP] Check Pods Manifest.lock */,
				5DCACC68221FF9B600663D37 /* Sources */,
				5DCACC69221FF9B600663D37 /* Frameworks */,
				5DCACC6A221FF9B600663D37 /* Resources */,
			);
			buildRules = (
			);
			dependencies = (
				5DCACC6E221FF9B600663D37 /* PBXTargetDependency */,
			);
			name = ImageSearchTests;
			productName = ImageSearchTests;
			productReference = 5DCACC6C221FF9B600663D37 /* ImageSearchTests.xctest */;
			productType = "com.apple.product-type.bundle.unit-test";
		};
		5DCACC76221FF9B600663D37 /* ImageSearchUITests */ = {
			isa = PBXNativeTarget;
			buildConfigurationList = 5DCACC86221FF9B600663D37 /* Build configuration list for PBXNativeTarget "ImageSearchUITests" */;
			buildPhases = (
				EBBC491E72089F832A8024BB /* [CP] Check Pods Manifest.lock */,
				5DCACC73221FF9B600663D37 /* Sources */,
				5DCACC74221FF9B600663D37 /* Frameworks */,
				5DCACC75221FF9B600663D37 /* Resources */,
			);
			buildRules = (
			);
			dependencies = (
				5DCACC79221FF9B600663D37 /* PBXTargetDependency */,
			);
			name = ImageSearchUITests;
			productName = ImageSearchUITests;
			productReference = 5DCACC77221FF9B600663D37 /* ImageSearchUITests.xctest */;
			productType = "com.apple.product-type.bundle.ui-testing";
		};
/* End PBXNativeTarget section */

/* Begin PBXProject section */
		5DCACC50221FF9B500663D37 /* Project object */ = {
			isa = PBXProject;
			attributes = {
				LastSwiftUpdateCheck = 1010;
				LastUpgradeCheck = 1010;
				ORGANIZATIONNAME = "Jordan Lepretre";
				TargetAttributes = {
					5DCACC57221FF9B500663D37 = {
						CreatedOnToolsVersion = 10.1;
					};
					5DCACC6B221FF9B600663D37 = {
						CreatedOnToolsVersion = 10.1;
						TestTargetID = 5DCACC57221FF9B500663D37;
					};
					5DCACC76221FF9B600663D37 = {
						CreatedOnToolsVersion = 10.1;
						TestTargetID = 5DCACC57221FF9B500663D37;
					};
				};
			};
			buildConfigurationList = 5DCACC53221FF9B500663D37 /* Build configuration list for PBXProject "ImageSearch" */;
			compatibilityVersion = "Xcode 9.3";
			developmentRegion = en;
			hasScannedForEncodings = 0;
			knownRegions = (
				en,
				Base,
			);
			mainGroup = 5DCACC4F221FF9B500663D37;
			productRefGroup = 5DCACC59221FF9B500663D37 /* Products */;
			projectDirPath = "";
			projectRoot = "";
			targets = (
				5DCACC57221FF9B500663D37 /* ImageSearch */,
				5DCACC6B221FF9B600663D37 /* ImageSearchTests */,
				5DCACC76221FF9B600663D37 /* ImageSearchUITests */,
			);
		};
/* End PBXProject section */

/* Begin PBXResourcesBuildPhase section */
		5DCACC56221FF9B500663D37 /* Resources */ = {
			isa = PBXResourcesBuildPhase;
			buildActionMask = 2147483647;
			files = (
				5DCACC66221FF9B600663D37 /* LaunchScreen.storyboard in Resources */,
				5D3AA56F222FDD4100CEE266 /* ImageDetailViewController.xib in Resources */,
				5DCACC8F221FFB0A00663D37 /* ImageCell.xib in Resources */,
				5DCACC63221FF9B600663D37 /* Assets.xcassets in Resources */,
				5DCACC61221FF9B500663D37 /* Main.storyboard in Resources */,
				5D3AA555222FD6F700CEE266 /* ImageSearchViewController.xib in Resources */,
			);
			runOnlyForDeploymentPostprocessing = 0;
		};
		5DCACC6A221FF9B600663D37 /* Resources */ = {
			isa = PBXResourcesBuildPhase;
			buildActionMask = 2147483647;
			files = (
				5D3AA556222FD6F700CEE266 /* ImageSearchViewController.xib in Resources */,
				5D3AA570222FDD4100CEE266 /* ImageDetailViewController.xib in Resources */,
				5DCACC90221FFB0A00663D37 /* ImageCell.xib in Resources */,
			);
			runOnlyForDeploymentPostprocessing = 0;
		};
		5DCACC75221FF9B600663D37 /* Resources */ = {
			isa = PBXResourcesBuildPhase;
			buildActionMask = 2147483647;
			files = (
				5D3AA557222FD6F700CEE266 /* ImageSearchViewController.xib in Resources */,
				5D3AA571222FDD4100CEE266 /* ImageDetailViewController.xib in Resources */,
				5DCACC91221FFB0A00663D37 /* ImageCell.xib in Resources */,
			);
			runOnlyForDeploymentPostprocessing = 0;
		};
/* End PBXResourcesBuildPhase section */

/* Begin PBXShellScriptBuildPhase section */
		68DB583861FBB22ED8A1E8D3 /* [CP] Check Pods Manifest.lock */ = {
			isa = PBXShellScriptBuildPhase;
			buildActionMask = 2147483647;
			files = (
			);
			inputFileListPaths = (
			);
			inputPaths = (
				"${PODS_PODFILE_DIR_PATH}/Podfile.lock",
				"${PODS_ROOT}/Manifest.lock",
			);
			name = "[CP] Check Pods Manifest.lock";
			outputFileListPaths = (
			);
			outputPaths = (
				"$(DERIVED_FILE_DIR)/Pods-ImageSearchTests-checkManifestLockResult.txt",
			);
			runOnlyForDeploymentPostprocessing = 0;
			shellPath = /bin/sh;
			shellScript = "diff \"${PODS_PODFILE_DIR_PATH}/Podfile.lock\" \"${PODS_ROOT}/Manifest.lock\" > /dev/null\nif [ $? != 0 ] ; then\n    # print error to STDERR\n    echo \"error: The sandbox is not in sync with the Podfile.lock. Run 'pod install' or update your CocoaPods installation.\" >&2\n    exit 1\nfi\n# This output is used by Xcode 'outputs' to avoid re-running this script phase.\necho \"SUCCESS\" > \"${SCRIPT_OUTPUT_FILE_0}\"\n";
			showEnvVarsInLog = 0;
		};
		E7952CB25368BB9A24AECD82 /* [CP] Embed Pods Frameworks */ = {
			isa = PBXShellScriptBuildPhase;
			buildActionMask = 2147483647;
			files = (
			);
			inputFileListPaths = (
			);
			inputPaths = (
				"${SRCROOT}/Pods/Target Support Files/Pods-ImageSearch/Pods-ImageSearch-frameworks.sh",
				"${BUILT_PRODUCTS_DIR}/Hero/Hero.framework",
				"${BUILT_PRODUCTS_DIR}/SDWebImage/SDWebImage.framework",
				"${BUILT_PRODUCTS_DIR}/SwiftyJSON/SwiftyJSON.framework",
			);
			name = "[CP] Embed Pods Frameworks";
			outputFileListPaths = (
			);
			outputPaths = (
				"${TARGET_BUILD_DIR}/${FRAMEWORKS_FOLDER_PATH}/Hero.framework",
				"${TARGET_BUILD_DIR}/${FRAMEWORKS_FOLDER_PATH}/SDWebImage.framework",
				"${TARGET_BUILD_DIR}/${FRAMEWORKS_FOLDER_PATH}/SwiftyJSON.framework",
			);
			runOnlyForDeploymentPostprocessing = 0;
			shellPath = /bin/sh;
			shellScript = "\"${SRCROOT}/Pods/Target Support Files/Pods-ImageSearch/Pods-ImageSearch-frameworks.sh\"\n";
			showEnvVarsInLog = 0;
		};
		EBBC491E72089F832A8024BB /* [CP] Check Pods Manifest.lock */ = {
			isa = PBXShellScriptBuildPhase;
			buildActionMask = 2147483647;
			files = (
			);
			inputFileListPaths = (
			);
			inputPaths = (
				"${PODS_PODFILE_DIR_PATH}/Podfile.lock",
				"${PODS_ROOT}/Manifest.lock",
			);
			name = "[CP] Check Pods Manifest.lock";
			outputFileListPaths = (
			);
			outputPaths = (
				"$(DERIVED_FILE_DIR)/Pods-ImageSearchUITests-checkManifestLockResult.txt",
			);
			runOnlyForDeploymentPostprocessing = 0;
			shellPath = /bin/sh;
			shellScript = "diff \"${PODS_PODFILE_DIR_PATH}/Podfile.lock\" \"${PODS_ROOT}/Manifest.lock\" > /dev/null\nif [ $? != 0 ] ; then\n    # print error to STDERR\n    echo \"error: The sandbox is not in sync with the Podfile.lock. Run 'pod install' or update your CocoaPods installation.\" >&2\n    exit 1\nfi\n# This output is used by Xcode 'outputs' to avoid re-running this script phase.\necho \"SUCCESS\" > \"${SCRIPT_OUTPUT_FILE_0}\"\n";
			showEnvVarsInLog = 0;
		};
		EF37237FEA0A2D1EFE4068B4 /* [CP] Check Pods Manifest.lock */ = {
			isa = PBXShellScriptBuildPhase;
			buildActionMask = 2147483647;
			files = (
			);
			inputFileListPaths = (
			);
			inputPaths = (
				"${PODS_PODFILE_DIR_PATH}/Podfile.lock",
				"${PODS_ROOT}/Manifest.lock",
			);
			name = "[CP] Check Pods Manifest.lock";
			outputFileListPaths = (
			);
			outputPaths = (
				"$(DERIVED_FILE_DIR)/Pods-ImageSearch-checkManifestLockResult.txt",
			);
			runOnlyForDeploymentPostprocessing = 0;
			shellPath = /bin/sh;
			shellScript = "diff \"${PODS_PODFILE_DIR_PATH}/Podfile.lock\" \"${PODS_ROOT}/Manifest.lock\" > /dev/null\nif [ $? != 0 ] ; then\n    # print error to STDERR\n    echo \"error: The sandbox is not in sync with the Podfile.lock. Run 'pod install' or update your CocoaPods installation.\" >&2\n    exit 1\nfi\n# This output is used by Xcode 'outputs' to avoid re-running this script phase.\necho \"SUCCESS\" > \"${SCRIPT_OUTPUT_FILE_0}\"\n";
			showEnvVarsInLog = 0;
		};
/* End PBXShellScriptBuildPhase section */

/* Begin PBXSourcesBuildPhase section */
		5DCACC54221FF9B500663D37 /* Sources */ = {
			isa = PBXSourcesBuildPhase;
			buildActionMask = 2147483647;
			files = (
				5DCACC5E221FF9B500663D37 /* ImageSearchViewController.swift in Sources */,
				5D5305372238102500E702AD /* UnsplashImageService.swift in Sources */,
				5D53053B2238115600E702AD /* UnsplashImageListPresenter.swift in Sources */,
				5DCACC5C221FF9B500663D37 /* AppDelegate.swift in Sources */,
				5D3AA567222FDD2D00CEE266 /* ImageDetailViewController.swift in Sources */,
				5DCACCA822202A1600663D37 /* UnsplashImageParser.swift in Sources */,
				5D9E9FB82236C7CB0051C22F /* UnsplashImagePresenter.swift in Sources */,
				5DCACCA322200CDE00663D37 /* ApiManager.swift in Sources */,
				5DCACC9C221FFE1600663D37 /* UnsplashImage.swift in Sources */,
				5DCACC8B221FFAD100663D37 /* ImageCell.swift in Sources */,
				5D3AA559222FD7F400CEE266 /* LaunchScreenViewController.swift in Sources */,
				5D3AA55F222FD96B00CEE266 /* UIViewController+Extension.swift in Sources */,
			);
			runOnlyForDeploymentPostprocessing = 0;
		};
		5DCACC68221FF9B600663D37 /* Sources */ = {
			isa = PBXSourcesBuildPhase;
			buildActionMask = 2147483647;
			files = (
				5D3AA560222FD96B00CEE266 /* UIViewController+Extension.swift in Sources */,
				5DCACC71221FF9B600663D37 /* ImageSearchTests.swift in Sources */,
				5D3AA568222FDD2D00CEE266 /* ImageDetailViewController.swift in Sources */,
				5DCACCA922202A1600663D37 /* UnsplashImageParser.swift in Sources */,
				5D3AA55A222FD7F400CEE266 /* LaunchScreenViewController.swift in Sources */,
				5DCACC9D221FFE1600663D37 /* UnsplashImage.swift in Sources */,
				5DCACC8C221FFAD100663D37 /* ImageCell.swift in Sources */,
				5D3AA57222300F0200CEE266 /* AppDelegate.swift in Sources */,
				5D3AA564222FDCDD00CEE266 /* ImageSearchViewController.swift in Sources */,
				5D9E9FB92236C7CB0051C22F /* UnsplashImagePresenter.swift in Sources */,
				5DCACCA422200CDE00663D37 /* ApiManager.swift in Sources */,
				5D5305382238102500E702AD /* UnsplashImageService.swift in Sources */,
				5D53053C2238115600E702AD /* UnsplashImageListPresenter.swift in Sources */,
			);
			runOnlyForDeploymentPostprocessing = 0;
		};
		5DCACC73221FF9B600663D37 /* Sources */ = {
			isa = PBXSourcesBuildPhase;
			buildActionMask = 2147483647;
			files = (
				5D3AA561222FD96B00CEE266 /* UIViewController+Extension.swift in Sources */,
				5DCACC7C221FF9B600663D37 /* ImageSearchUITests.swift in Sources */,
				5D3AA569222FDD2D00CEE266 /* ImageDetailViewController.swift in Sources */,
				5DCACCAA22202A1600663D37 /* UnsplashImageParser.swift in Sources */,
				5D3AA55B222FD7F400CEE266 /* LaunchScreenViewController.swift in Sources */,
				5DCACC9E221FFE1600663D37 /* UnsplashImage.swift in Sources */,
				5DCACC8D221FFAD100663D37 /* ImageCell.swift in Sources */,
				5D3AA57322300F0200CEE266 /* AppDelegate.swift in Sources */,
				5D3AA565222FDCDD00CEE266 /* ImageSearchViewController.swift in Sources */,
				5D9E9FBA2236C7CB0051C22F /* UnsplashImagePresenter.swift in Sources */,
				5DCACCA522200CDE00663D37 /* ApiManager.swift in Sources */,
				5D5305392238102500E702AD /* UnsplashImageService.swift in Sources */,
				5D53053D2238115600E702AD /* UnsplashImageListPresenter.swift in Sources */,
			);
			runOnlyForDeploymentPostprocessing = 0;
		};
/* End PBXSourcesBuildPhase section */

/* Begin PBXTargetDependency section */
		5DCACC6E221FF9B600663D37 /* PBXTargetDependency */ = {
			isa = PBXTargetDependency;
			target = 5DCACC57221FF9B500663D37 /* ImageSearch */;
			targetProxy = 5DCACC6D221FF9B600663D37 /* PBXContainerItemProxy */;
		};
		5DCACC79221FF9B600663D37 /* PBXTargetDependency */ = {
			isa = PBXTargetDependency;
			target = 5DCACC57221FF9B500663D37 /* ImageSearch */;
			targetProxy = 5DCACC78221FF9B600663D37 /* PBXContainerItemProxy */;
		};
/* End PBXTargetDependency section */

/* Begin PBXVariantGroup section */
		5DCACC5F221FF9B500663D37 /* Main.storyboard */ = {
			isa = PBXVariantGroup;
			children = (
				5DCACC60221FF9B500663D37 /* Base */,
			);
			name = Main.storyboard;
			sourceTree = "<group>";
		};
		5DCACC64221FF9B600663D37 /* LaunchScreen.storyboard */ = {
			isa = PBXVariantGroup;
			children = (
				5DCACC65221FF9B600663D37 /* Base */,
			);
			name = LaunchScreen.storyboard;
			sourceTree = "<group>";
		};
/* End PBXVariantGroup section */

/* Begin XCBuildConfiguration section */
		5DCACC7E221FF9B600663D37 /* Debug */ = {
			isa = XCBuildConfiguration;
			buildSettings = {
				ALWAYS_SEARCH_USER_PATHS = NO;
				CLANG_ANALYZER_NONNULL = YES;
				CLANG_ANALYZER_NUMBER_OBJECT_CONVERSION = YES_AGGRESSIVE;
				CLANG_CXX_LANGUAGE_STANDARD = "gnu++14";
				CLANG_CXX_LIBRARY = "libc++";
				CLANG_ENABLE_MODULES = YES;
				CLANG_ENABLE_OBJC_ARC = YES;
				CLANG_ENABLE_OBJC_WEAK = YES;
				CLANG_WARN_BLOCK_CAPTURE_AUTORELEASING = YES;
				CLANG_WARN_BOOL_CONVERSION = YES;
				CLANG_WARN_COMMA = YES;
				CLANG_WARN_CONSTANT_CONVERSION = YES;
				CLANG_WARN_DEPRECATED_OBJC_IMPLEMENTATIONS = YES;
				CLANG_WARN_DIRECT_OBJC_ISA_USAGE = YES_ERROR;
				CLANG_WARN_DOCUMENTATION_COMMENTS = YES;
				CLANG_WARN_EMPTY_BODY = YES;
				CLANG_WARN_ENUM_CONVERSION = YES;
				CLANG_WARN_INFINITE_RECURSION = YES;
				CLANG_WARN_INT_CONVERSION = YES;
				CLANG_WARN_NON_LITERAL_NULL_CONVERSION = YES;
				CLANG_WARN_OBJC_IMPLICIT_RETAIN_SELF = YES;
				CLANG_WARN_OBJC_LITERAL_CONVERSION = YES;
				CLANG_WARN_OBJC_ROOT_CLASS = YES_ERROR;
				CLANG_WARN_RANGE_LOOP_ANALYSIS = YES;
				CLANG_WARN_STRICT_PROTOTYPES = YES;
				CLANG_WARN_SUSPICIOUS_MOVE = YES;
				CLANG_WARN_UNGUARDED_AVAILABILITY = YES_AGGRESSIVE;
				CLANG_WARN_UNREACHABLE_CODE = YES;
				CLANG_WARN__DUPLICATE_METHOD_MATCH = YES;
				CODE_SIGN_IDENTITY = "iPhone Developer";
				COPY_PHASE_STRIP = NO;
				DEBUG_INFORMATION_FORMAT = dwarf;
				ENABLE_STRICT_OBJC_MSGSEND = YES;
				ENABLE_TESTABILITY = YES;
				GCC_C_LANGUAGE_STANDARD = gnu11;
				GCC_DYNAMIC_NO_PIC = NO;
				GCC_NO_COMMON_BLOCKS = YES;
				GCC_OPTIMIZATION_LEVEL = 0;
				GCC_PREPROCESSOR_DEFINITIONS = (
					"DEBUG=1",
					"$(inherited)",
				);
				GCC_WARN_64_TO_32_BIT_CONVERSION = YES;
				GCC_WARN_ABOUT_RETURN_TYPE = YES_ERROR;
				GCC_WARN_UNDECLARED_SELECTOR = YES;
				GCC_WARN_UNINITIALIZED_AUTOS = YES_AGGRESSIVE;
				GCC_WARN_UNUSED_FUNCTION = YES;
				GCC_WARN_UNUSED_VARIABLE = YES;
				IPHONEOS_DEPLOYMENT_TARGET = 12.1;
				MTL_ENABLE_DEBUG_INFO = INCLUDE_SOURCE;
				MTL_FAST_MATH = YES;
				ONLY_ACTIVE_ARCH = YES;
				SDKROOT = iphoneos;
				SWIFT_ACTIVE_COMPILATION_CONDITIONS = DEBUG;
				SWIFT_OPTIMIZATION_LEVEL = "-Onone";
			};
			name = Debug;
		};
		5DCACC7F221FF9B600663D37 /* Release */ = {
			isa = XCBuildConfiguration;
			buildSettings = {
				ALWAYS_SEARCH_USER_PATHS = NO;
				CLANG_ANALYZER_NONNULL = YES;
				CLANG_ANALYZER_NUMBER_OBJECT_CONVERSION = YES_AGGRESSIVE;
				CLANG_CXX_LANGUAGE_STANDARD = "gnu++14";
				CLANG_CXX_LIBRARY = "libc++";
				CLANG_ENABLE_MODULES = YES;
				CLANG_ENABLE_OBJC_ARC = YES;
				CLANG_ENABLE_OBJC_WEAK = YES;
				CLANG_WARN_BLOCK_CAPTURE_AUTORELEASING = YES;
				CLANG_WARN_BOOL_CONVERSION = YES;
				CLANG_WARN_COMMA = YES;
				CLANG_WARN_CONSTANT_CONVERSION = YES;
				CLANG_WARN_DEPRECATED_OBJC_IMPLEMENTATIONS = YES;
				CLANG_WARN_DIRECT_OBJC_ISA_USAGE = YES_ERROR;
				CLANG_WARN_DOCUMENTATION_COMMENTS = YES;
				CLANG_WARN_EMPTY_BODY = YES;
				CLANG_WARN_ENUM_CONVERSION = YES;
				CLANG_WARN_INFINITE_RECURSION = YES;
				CLANG_WARN_INT_CONVERSION = YES;
				CLANG_WARN_NON_LITERAL_NULL_CONVERSION = YES;
				CLANG_WARN_OBJC_IMPLICIT_RETAIN_SELF = YES;
				CLANG_WARN_OBJC_LITERAL_CONVERSION = YES;
				CLANG_WARN_OBJC_ROOT_CLASS = YES_ERROR;
				CLANG_WARN_RANGE_LOOP_ANALYSIS = YES;
				CLANG_WARN_STRICT_PROTOTYPES = YES;
				CLANG_WARN_SUSPICIOUS_MOVE = YES;
				CLANG_WARN_UNGUARDED_AVAILABILITY = YES_AGGRESSIVE;
				CLANG_WARN_UNREACHABLE_CODE = YES;
				CLANG_WARN__DUPLICATE_METHOD_MATCH = YES;
				CODE_SIGN_IDENTITY = "iPhone Developer";
				COPY_PHASE_STRIP = NO;
				DEBUG_INFORMATION_FORMAT = "dwarf-with-dsym";
				ENABLE_NS_ASSERTIONS = NO;
				ENABLE_STRICT_OBJC_MSGSEND = YES;
				GCC_C_LANGUAGE_STANDARD = gnu11;
				GCC_NO_COMMON_BLOCKS = YES;
				GCC_WARN_64_TO_32_BIT_CONVERSION = YES;
				GCC_WARN_ABOUT_RETURN_TYPE = YES_ERROR;
				GCC_WARN_UNDECLARED_SELECTOR = YES;
				GCC_WARN_UNINITIALIZED_AUTOS = YES_AGGRESSIVE;
				GCC_WARN_UNUSED_FUNCTION = YES;
				GCC_WARN_UNUSED_VARIABLE = YES;
				IPHONEOS_DEPLOYMENT_TARGET = 12.1;
				MTL_ENABLE_DEBUG_INFO = NO;
				MTL_FAST_MATH = YES;
				SDKROOT = iphoneos;
				SWIFT_COMPILATION_MODE = wholemodule;
				SWIFT_OPTIMIZATION_LEVEL = "-O";
				VALIDATE_PRODUCT = YES;
			};
			name = Release;
		};
		5DCACC81221FF9B600663D37 /* Debug */ = {
			isa = XCBuildConfiguration;
			baseConfigurationReference = 7CBBB3597A2B44C839E178BF /* Pods-ImageSearch.debug.xcconfig */;
			buildSettings = {
				ASSETCATALOG_COMPILER_APPICON_NAME = AppIcon;
				CODE_SIGN_STYLE = Automatic;
				DEVELOPMENT_TEAM = YDJUX2GJN8;
				INFOPLIST_FILE = ImageSearch/Info.plist;
				LD_RUNPATH_SEARCH_PATHS = (
					"$(inherited)",
					"@executable_path/Frameworks",
				);
				PRODUCT_BUNDLE_IDENTIFIER = com.JDN.ImageSearch;
				PRODUCT_NAME = "$(TARGET_NAME)";
				SWIFT_VERSION = 4.2;
				TARGETED_DEVICE_FAMILY = "1,2";
			};
			name = Debug;
		};
		5DCACC82221FF9B600663D37 /* Release */ = {
			isa = XCBuildConfiguration;
			baseConfigurationReference = 46DA867D342E626FB465334B /* Pods-ImageSearch.release.xcconfig */;
			buildSettings = {
				ASSETCATALOG_COMPILER_APPICON_NAME = AppIcon;
				CODE_SIGN_STYLE = Automatic;
				DEVELOPMENT_TEAM = YDJUX2GJN8;
				INFOPLIST_FILE = ImageSearch/Info.plist;
				LD_RUNPATH_SEARCH_PATHS = (
					"$(inherited)",
					"@executable_path/Frameworks",
				);
				PRODUCT_BUNDLE_IDENTIFIER = com.JDN.ImageSearch;
				PRODUCT_NAME = "$(TARGET_NAME)";
				SWIFT_VERSION = 4.2;
				TARGETED_DEVICE_FAMILY = "1,2";
			};
			name = Release;
		};
		5DCACC84221FF9B600663D37 /* Debug */ = {
			isa = XCBuildConfiguration;
			baseConfigurationReference = 6903BE43E18E8E6C1FD5FE17 /* Pods-ImageSearchTests.debug.xcconfig */;
			buildSettings = {
				ALWAYS_EMBED_SWIFT_STANDARD_LIBRARIES = YES;
				BUNDLE_LOADER = "$(TEST_HOST)";
				CODE_SIGN_STYLE = Automatic;
				DEVELOPMENT_TEAM = YDJUX2GJN8;
				INFOPLIST_FILE = ImageSearchTests/Info.plist;
				LD_RUNPATH_SEARCH_PATHS = (
					"$(inherited)",
					"@executable_path/Frameworks",
					"@loader_path/Frameworks",
				);
				PRODUCT_BUNDLE_IDENTIFIER = com.JDN.ImageSearchTests;
				PRODUCT_NAME = "$(TARGET_NAME)";
				SWIFT_VERSION = 4.2;
				TARGETED_DEVICE_FAMILY = "1,2";
				TEST_HOST = "$(BUILT_PRODUCTS_DIR)/ImageSearch.app/ImageSearch";
			};
			name = Debug;
		};
		5DCACC85221FF9B600663D37 /* Release */ = {
			isa = XCBuildConfiguration;
			baseConfigurationReference = E8FB68971DE05CC20FF176B6 /* Pods-ImageSearchTests.release.xcconfig */;
			buildSettings = {
				ALWAYS_EMBED_SWIFT_STANDARD_LIBRARIES = YES;
				BUNDLE_LOADER = "$(TEST_HOST)";
				CODE_SIGN_STYLE = Automatic;
				DEVELOPMENT_TEAM = YDJUX2GJN8;
				INFOPLIST_FILE = ImageSearchTests/Info.plist;
				LD_RUNPATH_SEARCH_PATHS = (
					"$(inherited)",
					"@executable_path/Frameworks",
					"@loader_path/Frameworks",
				);
				PRODUCT_BUNDLE_IDENTIFIER = com.JDN.ImageSearchTests;
				PRODUCT_NAME = "$(TARGET_NAME)";
				SWIFT_VERSION = 4.2;
				TARGETED_DEVICE_FAMILY = "1,2";
				TEST_HOST = "$(BUILT_PRODUCTS_DIR)/ImageSearch.app/ImageSearch";
			};
			name = Release;
		};
		5DCACC87221FF9B600663D37 /* Debug */ = {
			isa = XCBuildConfiguration;
			baseConfigurationReference = 31E729C24BF7C3D1095691E5 /* Pods-ImageSearchUITests.debug.xcconfig */;
			buildSettings = {
				ALWAYS_EMBED_SWIFT_STANDARD_LIBRARIES = YES;
				CODE_SIGN_STYLE = Automatic;
				DEVELOPMENT_TEAM = YDJUX2GJN8;
				INFOPLIST_FILE = ImageSearchUITests/Info.plist;
				LD_RUNPATH_SEARCH_PATHS = (
					"$(inherited)",
					"@executable_path/Frameworks",
					"@loader_path/Frameworks",
				);
				PRODUCT_BUNDLE_IDENTIFIER = com.JDN.ImageSearchUITests;
				PRODUCT_NAME = "$(TARGET_NAME)";
				SWIFT_VERSION = 4.2;
				TARGETED_DEVICE_FAMILY = "1,2";
				TEST_TARGET_NAME = ImageSearch;
			};
			name = Debug;
		};
		5DCACC88221FF9B600663D37 /* Release */ = {
			isa = XCBuildConfiguration;
			baseConfigurationReference = B3A558DC81ED3AA000756172 /* Pods-ImageSearchUITests.release.xcconfig */;
			buildSettings = {
				ALWAYS_EMBED_SWIFT_STANDARD_LIBRARIES = YES;
				CODE_SIGN_STYLE = Automatic;
				DEVELOPMENT_TEAM = YDJUX2GJN8;
				INFOPLIST_FILE = ImageSearchUITests/Info.plist;
				LD_RUNPATH_SEARCH_PATHS = (
					"$(inherited)",
					"@executable_path/Frameworks",
					"@loader_path/Frameworks",
				);
				PRODUCT_BUNDLE_IDENTIFIER = com.JDN.ImageSearchUITests;
				PRODUCT_NAME = "$(TARGET_NAME)";
				SWIFT_VERSION = 4.2;
				TARGETED_DEVICE_FAMILY = "1,2";
				TEST_TARGET_NAME = ImageSearch;
			};
			name = Release;
		};
/* End XCBuildConfiguration section */

/* Begin XCConfigurationList section */
		5DCACC53221FF9B500663D37 /* Build configuration list for PBXProject "ImageSearch" */ = {
			isa = XCConfigurationList;
			buildConfigurations = (
				5DCACC7E221FF9B600663D37 /* Debug */,
				5DCACC7F221FF9B600663D37 /* Release */,
			);
			defaultConfigurationIsVisible = 0;
			defaultConfigurationName = Release;
		};
		5DCACC80221FF9B600663D37 /* Build configuration list for PBXNativeTarget "ImageSearch" */ = {
			isa = XCConfigurationList;
			buildConfigurations = (
				5DCACC81221FF9B600663D37 /* Debug */,
				5DCACC82221FF9B600663D37 /* Release */,
			);
			defaultConfigurationIsVisible = 0;
			defaultConfigurationName = Release;
		};
		5DCACC83221FF9B600663D37 /* Build configuration list for PBXNativeTarget "ImageSearchTests" */ = {
			isa = XCConfigurationList;
			buildConfigurations = (
				5DCACC84221FF9B600663D37 /* Debug */,
				5DCACC85221FF9B600663D37 /* Release */,
			);
			defaultConfigurationIsVisible = 0;
			defaultConfigurationName = Release;
		};
		5DCACC86221FF9B600663D37 /* Build configuration list for PBXNativeTarget "ImageSearchUITests" */ = {
			isa = XCConfigurationList;
			buildConfigurations = (
				5DCACC87221FF9B600663D37 /* Debug */,
				5DCACC88221FF9B600663D37 /* Release */,
			);
			defaultConfigurationIsVisible = 0;
			defaultConfigurationName = Release;
		};
/* End XCConfigurationList section */
	};
	rootObject = 5DCACC50221FF9B500663D37 /* Project object */;
}
