// !$*UTF8*$!
{
	archiveVersion = 1;
	classes = {
	};
	objectVersion = 50;
	objects = {

/* Begin PBXBuildFile section */
		5DCACC5C221FF9B500663D37 /* AppDelegate.swift in Sources */ = {isa = PBXBuildFile; fileRef = 5DCACC5B221FF9B500663D37 /* AppDelegate.swift */; };
		5DCACC5E221FF9B500663D37 /* ViewController.swift in Sources */ = {isa = PBXBuildFile; fileRef = 5DCACC5D221FF9B500663D37 /* ViewController.swift */; };
		5DCACC61221FF9B500663D37 /* Main.storyboard in Resources */ = {isa = PBXBuildFile; fileRef = 5DCACC5F221FF9B500663D37 /* Main.storyboard */; };
		5DCACC63221FF9B600663D37 /* Assets.xcassets in Resources */ = {isa = PBXBuildFile; fileRef = 5DCACC62221FF9B600663D37 /* Assets.xcassets */; };
		5DCACC66221FF9B600663D37 /* LaunchScreen.storyboard in Resources */ = {isa = PBXBuildFile; fileRef = 5DCACC64221FF9B600663D37 /* LaunchScreen.storyboard */; };
		5DCACC71221FF9B600663D37 /* ImageSearchTests.swift in Sources */ = {isa = PBXBuildFile; fileRef = 5DCACC70221FF9B600663D37 /* ImageSearchTests.swift */; };
		5DCACC7C221FF9B600663D37 /* ImageSearchUITests.swift in Sources */ = {isa = PBXBuildFile; fileRef = 5DCACC7B221FF9B600663D37 /* ImageSearchUITests.swift */; };
/* End PBXBuildFile section */

/* Begin PBXContainerItemProxy section */
		5DCACC6D221FF9B600663D37 /* PBXContainerItemProxy */ = {
			isa = PBXContainerItemProxy;
			containerPortal = 5DCACC50221FF9B500663D37 /* Project object */;
			proxyType = 1;
			remoteGlobalIDString = 5DCACC57221FF9B500663D37;
			remoteInfo = ImageSearch;
		};
		5DCACC78221FF9B600663D37 /* PBXContainerItemProxy */ = {
			isa = PBXContainerItemProxy;
			containerPortal = 5DCACC50221FF9B500663D37 /* Project object */;
			proxyType = 1;
			remoteGlobalIDString = 5DCACC57221FF9B500663D37;
			remoteInfo = ImageSearch;
		};
/* End PBXContainerItemProxy section */

/* Begin PBXFileReference section */
		5DCACC58221FF9B500663D37 /* ImageSearch.app */ = {isa = PBXFileReference; explicitFileType = wrapper.application; includeInIndex = 0; path = ImageSearch.app; sourceTree = BUILT_PRODUCTS_DIR; };
		5DCACC5B221FF9B500663D37 /* AppDelegate.swift */ = {isa = PBXFileReference; lastKnownFileType = sourcecode.swift; path = AppDelegate.swift; sourceTree = "<group>"; };
		5DCACC5D221FF9B500663D37 /* ViewController.swift */ = {isa = PBXFileReference; lastKnownFileType = sourcecode.swift; path = ViewController.swift; sourceTree = "<group>"; };
		5DCACC60221FF9B500663D37 /* Base */ = {isa = PBXFileReference; lastKnownFileType = file.storyboard; name = Base; path = Base.lproj/Main.storyboard; sourceTree = "<group>"; };
		5DCACC62221FF9B600663D37 /* Assets.xcassets */ = {isa = PBXFileReference; lastKnownFileType = folder.assetcatalog; path = Assets.xcassets; sourceTree = "<group>"; };
		5DCACC65221FF9B600663D37 /* Base */ = {isa = PBXFileReference; lastKnownFileType = file.storyboard; name = Base; path = Base.lproj/LaunchScreen.storyboard; sourceTree = "<group>"; };
		5DCACC67221FF9B600663D37 /* Info.plist */ = {isa = PBXFileReference; lastKnownFileType = text.plist.xml; path = Info.plist; sourceTree = "<group>"; };
		5DCACC6C221FF9B600663D37 /* ImageSearchTests.xctest */ = {isa = PBXFileReference; explicitFileType = wrapper.cfbundle; includeInIndex = 0; path = ImageSearchTests.xctest; sourceTree = BUILT_PRODUCTS_DIR; };
		5DCACC70221FF9B600663D37 /* ImageSearchTests.swift */ = {isa = PBXFileReference; lastKnownFileType = sourcecode.swift; path = ImageSearchTests.swift; sourceTree = "<group>"; };
		5DCACC72221FF9B600663D37 /* Info.plist */ = {isa = PBXFileReference; lastKnownFileType = text.plist.xml; path = Info.plist; sourceTree = "<group>"; };
		5DCACC77221FF9B600663D37 /* ImageSearchUITests.xctest */ = {isa = PBXFileReference; explicitFileType = wrapper.cfbundle; includeInIndex = 0; path = ImageSearchUITests.xctest; sourceTree = BUILT_PRODUCTS_DIR; };
		5DCACC7B221FF9B600663D37 /* ImageSearchUITests.swift */ = {isa = PBXFileReference; lastKnownFileType = sourcecode.swift; path = ImageSearchUITests.swift; sourceTree = "<group>"; };
		5DCACC7D221FF9B600663D37 /* Info.plist */ = {isa = PBXFileReference; lastKnownFileType = text.plist.xml; path = Info.plist; sourceTree = "<group>"; };
/* End PBXFileReference section */

/* Begin PBXFrameworksBuildPhase section */
		5DCACC55221FF9B500663D37 /* Frameworks */ = {
			isa = PBXFrameworksBuildPhase;
			buildActionMask = 2147483647;
			files = (
			);
			runOnlyForDeploymentPostprocessing = 0;
		};
		5DCACC69221FF9B600663D37 /* Frameworks */ = {
			isa = PBXFrameworksBuildPhase;
			buildActionMask = 2147483647;
			files = (
			);
			runOnlyForDeploymentPostprocessing = 0;
		};
		5DCACC74221FF9B600663D37 /* Frameworks */ = {
			isa = PBXFrameworksBuildPhase;
			buildActionMask = 2147483647;
			files = (
			);
			runOnlyForDeploymentPostprocessing = 0;
		};
/* End PBXFrameworksBuildPhase section */

/* Begin PBXGroup section */
		5DCACC4F221FF9B500663D37 = {
			isa = PBXGroup;
			children = (
				5DCACC5A221FF9B500663D37 /* ImageSearch */,
				5DCACC6F221FF9B600663D37 /* ImageSearchTests */,
				5DCACC7A221FF9B600663D37 /* ImageSearchUITests */,
				5DCACC59221FF9B500663D37 /* Products */,
			);
			sourceTree = "<group>";
		};
		5DCACC59221FF9B500663D37 /* Products */ = {
			isa = PBXGroup;
			children = (
				5DCACC58221FF9B500663D37 /* ImageSearch.app */,
				5DCACC6C221FF9B600663D37 /* ImageSearchTests.xctest */,
				5DCACC77221FF9B600663D37 /* ImageSearchUITests.xctest */,
			);
			name = Products;
			sourceTree = "<group>";
		};
		5DCACC5A221FF9B500663D37 /* ImageSearch */ = {
			isa = PBXGroup;
			children = (
				5DCACC5B221FF9B500663D37 /* AppDelegate.swift */,
				5DCACC5D221FF9B500663D37 /* ViewController.swift */,
				5DCACC5F221FF9B500663D37 /* Main.storyboard */,
				5DCACC62221FF9B600663D37 /* Assets.xcassets */,
				5DCACC64221FF9B600663D37 /* LaunchScreen.storyboard */,
				5DCACC67221FF9B600663D37 /* Info.plist */,
			);
			path = ImageSearch;
			sourceTree = "<group>";
		};
		5DCACC6F221FF9B600663D37 /* ImageSearchTests */ = {
			isa = PBXGroup;
			children = (
				5DCACC70221FF9B600663D37 /* ImageSearchTests.swift */,
				5DCACC72221FF9B600663D37 /* Info.plist */,
			);
			path = ImageSearchTests;
			sourceTree = "<group>";
		};
		5DCACC7A221FF9B600663D37 /* ImageSearchUITests */ = {
			isa = PBXGroup;
			children = (
				5DCACC7B221FF9B600663D37 /* ImageSearchUITests.swift */,
				5DCACC7D221FF9B600663D37 /* Info.plist */,
			);
			path = ImageSearchUITests;
			sourceTree = "<group>";
		};
/* End PBXGroup section */

/* Begin PBXNativeTarget section */
		5DCACC57221FF9B500663D37 /* ImageSearch */ = {
			isa = PBXNativeTarget;
			buildConfigurationList = 5DCACC80221FF9B600663D37 /* Build configuration list for PBXNativeTarget "ImageSearch" */;
			buildPhases = (
				5DCACC54221FF9B500663D37 /* Sources */,
				5DCACC55221FF9B500663D37 /* Frameworks */,
				5DCACC56221FF9B500663D37 /* Resources */,
			);
			buildRules = (
			);
			dependencies = (
			);
			name = ImageSearch;
			productName = ImageSearch;
			productReference = 5DCACC58221FF9B500663D37 /* ImageSearch.app */;
			productType = "com.apple.product-type.application";
		};
		5DCACC6B221FF9B600663D37 /* ImageSearchTests */ = {
			isa = PBXNativeTarget;
			buildConfigurationList = 5DCACC83221FF9B600663D37 /* Build configuration list for PBXNativeTarget "ImageSearchTests" */;
			buildPhases = (
				5DCACC68221FF9B600663D37 /* Sources */,
				5DCACC69221FF9B600663D37 /* Frameworks */,
				5DCACC6A221FF9B600663D37 /* Resources */,
			);
			buildRules = (
			);
			dependencies = (
				5DCACC6E221FF9B600663D37 /* PBXTargetDependency */,
			);
			name = ImageSearchTests;
			productName = ImageSearchTests;
			productReference = 5DCACC6C221FF9B600663D37 /* ImageSearchTests.xctest */;
			productType = "com.apple.product-type.bundle.unit-test";
		};
		5DCACC76221FF9B600663D37 /* ImageSearchUITests */ = {
			isa = PBXNativeTarget;
			buildConfigurationList = 5DCACC86221FF9B600663D37 /* Build configuration list for PBXNativeTarget "ImageSearchUITests" */;
			buildPhases = (
				5DCACC73221FF9B600663D37 /* Sources */,
				5DCACC74221FF9B600663D37 /* Frameworks */,
				5DCACC75221FF9B600663D37 /* Resources */,
			);
			buildRules = (
			);
			dependencies = (
				5DCACC79221FF9B600663D37 /* PBXTargetDependency */,
			);
			name = ImageSearchUITests;
			productName = ImageSearchUITests;
			productReference = 5DCACC77221FF9B600663D37 /* ImageSearchUITests.xctest */;
			productType = "com.apple.product-type.bundle.ui-testing";
		};
/* End PBXNativeTarget section */

/* Begin PBXProject section */
		5DCACC50221FF9B500663D37 /* Project object */ = {
			isa = PBXProject;
			attributes = {
				LastSwiftUpdateCheck = 1010;
				LastUpgradeCheck = 1010;
				ORGANIZATIONNAME = "Jordan Lepretre";
				TargetAttributes = {
					5DCACC57221FF9B500663D37 = {
						CreatedOnToolsVersion = 10.1;
					};
					5DCACC6B221FF9B600663D37 = {
						CreatedOnToolsVersion = 10.1;
						TestTargetID = 5DCACC57221FF9B500663D37;
					};
					5DCACC76221FF9B600663D37 = {
						CreatedOnToolsVersion = 10.1;
						TestTargetID = 5DCACC57221FF9B500663D37;
					};
				};
			};
			buildConfigurationList = 5DCACC53221FF9B500663D37 /* Build configuration list for PBXProject "ImageSearch" */;
			compatibilityVersion = "Xcode 9.3";
			developmentRegion = en;
			hasScannedForEncodings = 0;
			knownRegions = (
				en,
				Base,
			);
			mainGroup = 5DCACC4F221FF9B500663D37;
			productRefGroup = 5DCACC59221FF9B500663D37 /* Products */;
			projectDirPath = "";
			projectRoot = "";
			targets = (
				5DCACC57221FF9B500663D37 /* ImageSearch */,
				5DCACC6B221FF9B600663D37 /* ImageSearchTests */,
				5DCACC76221FF9B600663D37 /* ImageSearchUITests */,
			);
		};
/* End PBXProject section */

/* Begin PBXResourcesBuildPhase section */
		5DCACC56221FF9B500663D37 /* Resources */ = {
			isa = PBXResourcesBuildPhase;
			buildActionMask = 2147483647;
			files = (
				5DCACC66221FF9B600663D37 /* LaunchScreen.storyboard in Resources */,
				5DCACC63221FF9B600663D37 /* Assets.xcassets in Resources */,
				5DCACC61221FF9B500663D37 /* Main.storyboard in Resources */,
			);
			runOnlyForDeploymentPostprocessing = 0;
		};
		5DCACC6A221FF9B600663D37 /* Resources */ = {
			isa = PBXResourcesBuildPhase;
			buildActionMask = 2147483647;
			files = (
			);
			runOnlyForDeploymentPostprocessing = 0;
		};
		5DCACC75221FF9B600663D37 /* Resources */ = {
			isa = PBXResourcesBuildPhase;
			buildActionMask = 2147483647;
			files = (
			);
			runOnlyForDeploymentPostprocessing = 0;
		};
/* End PBXResourcesBuildPhase section */

/* Begin PBXSourcesBuildPhase section */
		5DCACC54221FF9B500663D37 /* Sources */ = {
			isa = PBXSourcesBuildPhase;
			buildActionMask = 2147483647;
			files = (
				5DCACC5E221FF9B500663D37 /* ViewController.swift in Sources */,
				5DCACC5C221FF9B500663D37 /* AppDelegate.swift in Sources */,
			);
			runOnlyForDeploymentPostprocessing = 0;
		};
		5DCACC68221FF9B600663D37 /* Sources */ = {
			isa = PBXSourcesBuildPhase;
			buildActionMask = 2147483647;
			files = (
				5DCACC71221FF9B600663D37 /* ImageSearchTests.swift in Sources */,
			);
			runOnlyForDeploymentPostprocessing = 0;
		};
		5DCACC73221FF9B600663D37 /* Sources */ = {
			isa = PBXSourcesBuildPhase;
			buildActionMask = 2147483647;
			files = (
				5DCACC7C221FF9B600663D37 /* ImageSearchUITests.swift in Sources */,
			);
			runOnlyForDeploymentPostprocessing = 0;
		};
/* End PBXSourcesBuildPhase section */

/* Begin PBXTargetDependency section */
		5DCACC6E221FF9B600663D37 /* PBXTargetDependency */ = {
			isa = PBXTargetDependency;
			target = 5DCACC57221FF9B500663D37 /* ImageSearch */;
			targetProxy = 5DCACC6D221FF9B600663D37 /* PBXContainerItemProxy */;
		};
		5DCACC79221FF9B600663D37 /* PBXTargetDependency */ = {
			isa = PBXTargetDependency;
			target = 5DCACC57221FF9B500663D37 /* ImageSearch */;
			targetProxy = 5DCACC78221FF9B600663D37 /* PBXContainerItemProxy */;
		};
/* End PBXTargetDependency section */

/* Begin PBXVariantGroup section */
		5DCACC5F221FF9B500663D37 /* Main.storyboard */ = {
			isa = PBXVariantGroup;
			children = (
				5DCACC60221FF9B500663D37 /* Base */,
			);
			name = Main.storyboard;
			sourceTree = "<group>";
		};
		5DCACC64221FF9B600663D37 /* LaunchScreen.storyboard */ = {
			isa = PBXVariantGroup;
			children = (
				5DCACC65221FF9B600663D37 /* Base */,
			);
			name = LaunchScreen.storyboard;
			sourceTree = "<group>";
		};
/* End PBXVariantGroup section */

/* Begin XCBuildConfiguration section */
		5DCACC7E221FF9B600663D37 /* Debug */ = {
			isa = XCBuildConfiguration;
			buildSettings = {
				ALWAYS_SEARCH_USER_PATHS = NO;
				CLANG_ANALYZER_NONNULL = YES;
				CLANG_ANALYZER_NUMBER_OBJECT_CONVERSION = YES_AGGRESSIVE;
				CLANG_CXX_LANGUAGE_STANDARD = "gnu++14";
				CLANG_CXX_LIBRARY = "libc++";
				CLANG_ENABLE_MODULES = YES;
				CLANG_ENABLE_OBJC_ARC = YES;
				CLANG_ENABLE_OBJC_WEAK = YES;
				CLANG_WARN_BLOCK_CAPTURE_AUTORELEASING = YES;
				CLANG_WARN_BOOL_CONVERSION = YES;
				CLANG_WARN_COMMA = YES;
				CLANG_WARN_CONSTANT_CONVERSION = YES;
				CLANG_WARN_DEPRECATED_OBJC_IMPLEMENTATIONS = YES;
				CLANG_WARN_DIRECT_OBJC_ISA_USAGE = YES_ERROR;
				CLANG_WARN_DOCUMENTATION_COMMENTS = YES;
				CLANG_WARN_EMPTY_BODY = YES;
				CLANG_WARN_ENUM_CONVERSION = YES;
				CLANG_WARN_INFINITE_RECURSION = YES;
				CLANG_WARN_INT_CONVERSION = YES;
				CLANG_WARN_NON_LITERAL_NULL_CONVERSION = YES;
				CLANG_WARN_OBJC_IMPLICIT_RETAIN_SELF = YES;
				CLANG_WARN_OBJC_LITERAL_CONVERSION = YES;
				CLANG_WARN_OBJC_ROOT_CLASS = YES_ERROR;
				CLANG_WARN_RANGE_LOOP_ANALYSIS = YES;
				CLANG_WARN_STRICT_PROTOTYPES = YES;
				CLANG_WARN_SUSPICIOUS_MOVE = YES;
				CLANG_WARN_UNGUARDED_AVAILABILITY = YES_AGGRESSIVE;
				CLANG_WARN_UNREACHABLE_CODE = YES;
				CLANG_WARN__DUPLICATE_METHOD_MATCH = YES;
				CODE_SIGN_IDENTITY = "iPhone Developer";
				COPY_PHASE_STRIP = NO;
				DEBUG_INFORMATION_FORMAT = dwarf;
				ENABLE_STRICT_OBJC_MSGSEND = YES;
				ENABLE_TESTABILITY = YES;
				GCC_C_LANGUAGE_STANDARD = gnu11;
				GCC_DYNAMIC_NO_PIC = NO;
				GCC_NO_COMMON_BLOCKS = YES;
				GCC_OPTIMIZATION_LEVEL = 0;
				GCC_PREPROCESSOR_DEFINITIONS = (
					"DEBUG=1",
					"$(inherited)",
				);
				GCC_WARN_64_TO_32_BIT_CONVERSION = YES;
				GCC_WARN_ABOUT_RETURN_TYPE = YES_ERROR;
				GCC_WARN_UNDECLARED_SELECTOR = YES;
				GCC_WARN_UNINITIALIZED_AUTOS = YES_AGGRESSIVE;
				GCC_WARN_UNUSED_FUNCTION = YES;
				GCC_WARN_UNUSED_VARIABLE = YES;
				IPHONEOS_DEPLOYMENT_TARGET = 12.1;
				MTL_ENABLE_DEBUG_INFO = INCLUDE_SOURCE;
				MTL_FAST_MATH = YES;
				ONLY_ACTIVE_ARCH = YES;
				SDKROOT = iphoneos;
				SWIFT_ACTIVE_COMPILATION_CONDITIONS = DEBUG;
				SWIFT_OPTIMIZATION_LEVEL = "-Onone";
			};
			name = Debug;
		};
		5DCACC7F221FF9B600663D37 /* Release */ = {
			isa = XCBuildConfiguration;
			buildSettings = {
				ALWAYS_SEARCH_USER_PATHS = NO;
				CLANG_ANALYZER_NONNULL = YES;
				CLANG_ANALYZER_NUMBER_OBJECT_CONVERSION = YES_AGGRESSIVE;
				CLANG_CXX_LANGUAGE_STANDARD = "gnu++14";
				CLANG_CXX_LIBRARY = "libc++";
				CLANG_ENABLE_MODULES = YES;
				CLANG_ENABLE_OBJC_ARC = YES;
				CLANG_ENABLE_OBJC_WEAK = YES;
				CLANG_WARN_BLOCK_CAPTURE_AUTORELEASING = YES;
				CLANG_WARN_BOOL_CONVERSION = YES;
				CLANG_WARN_COMMA = YES;
				CLANG_WARN_CONSTANT_CONVERSION = YES;
				CLANG_WARN_DEPRECATED_OBJC_IMPLEMENTATIONS = YES;
				CLANG_WARN_DIRECT_OBJC_ISA_USAGE = YES_ERROR;
				CLANG_WARN_DOCUMENTATION_COMMENTS = YES;
				CLANG_WARN_EMPTY_BODY = YES;
				CLANG_WARN_ENUM_CONVERSION = YES;
				CLANG_WARN_INFINITE_RECURSION = YES;
				CLANG_WARN_INT_CONVERSION = YES;
				CLANG_WARN_NON_LITERAL_NULL_CONVERSION = YES;
				CLANG_WARN_OBJC_IMPLICIT_RETAIN_SELF = YES;
				CLANG_WARN_OBJC_LITERAL_CONVERSION = YES;
				CLANG_WARN_OBJC_ROOT_CLASS = YES_ERROR;
				CLANG_WARN_RANGE_LOOP_ANALYSIS = YES;
				CLANG_WARN_STRICT_PROTOTYPES = YES;
				CLANG_WARN_SUSPICIOUS_MOVE = YES;
				CLANG_WARN_UNGUARDED_AVAILABILITY = YES_AGGRESSIVE;
				CLANG_WARN_UNREACHABLE_CODE = YES;
				CLANG_WARN__DUPLICATE_METHOD_MATCH = YES;
				CODE_SIGN_IDENTITY = "iPhone Developer";
				COPY_PHASE_STRIP = NO;
				DEBUG_INFORMATION_FORMAT = "dwarf-with-dsym";
				ENABLE_NS_ASSERTIONS = NO;
				ENABLE_STRICT_OBJC_MSGSEND = YES;
				GCC_C_LANGUAGE_STANDARD = gnu11;
				GCC_NO_COMMON_BLOCKS = YES;
				GCC_WARN_64_TO_32_BIT_CONVERSION = YES;
				GCC_WARN_ABOUT_RETURN_TYPE = YES_ERROR;
				GCC_WARN_UNDECLARED_SELECTOR = YES;
				GCC_WARN_UNINITIALIZED_AUTOS = YES_AGGRESSIVE;
				GCC_WARN_UNUSED_FUNCTION = YES;
				GCC_WARN_UNUSED_VARIABLE = YES;
				IPHONEOS_DEPLOYMENT_TARGET = 12.1;
				MTL_ENABLE_DEBUG_INFO = NO;
				MTL_FAST_MATH = YES;
				SDKROOT = iphoneos;
				SWIFT_COMPILATION_MODE = wholemodule;
				SWIFT_OPTIMIZATION_LEVEL = "-O";
				VALIDATE_PRODUCT = YES;
			};
			name = Release;
		};
		5DCACC81221FF9B600663D37 /* Debug */ = {
			isa = XCBuildConfiguration;
			buildSettings = {
				ASSETCATALOG_COMPILER_APPICON_NAME = AppIcon;
				CODE_SIGN_STYLE = Automatic;
				DEVELOPMENT_TEAM = YDJUX2GJN8;
				INFOPLIST_FILE = ImageSearch/Info.plist;
				LD_RUNPATH_SEARCH_PATHS = (
					"$(inherited)",
					"@executable_path/Frameworks",
				);
				PRODUCT_BUNDLE_IDENTIFIER = com.JDN.ImageSearch;
				PRODUCT_NAME = "$(TARGET_NAME)";
				SWIFT_VERSION = 4.2;
				TARGETED_DEVICE_FAMILY = "1,2";
			};
			name = Debug;
		};
		5DCACC82221FF9B600663D37 /* Release */ = {
			isa = XCBuildConfiguration;
			buildSettings = {
				ASSETCATALOG_COMPILER_APPICON_NAME = AppIcon;
				CODE_SIGN_STYLE = Automatic;
				DEVELOPMENT_TEAM = YDJUX2GJN8;
				INFOPLIST_FILE = ImageSearch/Info.plist;
				LD_RUNPATH_SEARCH_PATHS = (
					"$(inherited)",
					"@executable_path/Frameworks",
				);
				PRODUCT_BUNDLE_IDENTIFIER = com.JDN.ImageSearch;
				PRODUCT_NAME = "$(TARGET_NAME)";
				SWIFT_VERSION = 4.2;
				TARGETED_DEVICE_FAMILY = "1,2";
			};
			name = Release;
		};
		5DCACC84221FF9B600663D37 /* Debug */ = {
			isa = XCBuildConfiguration;
			buildSettings = {
				ALWAYS_EMBED_SWIFT_STANDARD_LIBRARIES = YES;
				BUNDLE_LOADER = "$(TEST_HOST)";
				CODE_SIGN_STYLE = Automatic;
				DEVELOPMENT_TEAM = YDJUX2GJN8;
				INFOPLIST_FILE = ImageSearchTests/Info.plist;
				LD_RUNPATH_SEARCH_PATHS = (
					"$(inherited)",
					"@executable_path/Frameworks",
					"@loader_path/Frameworks",
				);
				PRODUCT_BUNDLE_IDENTIFIER = com.JDN.ImageSearchTests;
				PRODUCT_NAME = "$(TARGET_NAME)";
				SWIFT_VERSION = 4.2;
				TARGETED_DEVICE_FAMILY = "1,2";
				TEST_HOST = "$(BUILT_PRODUCTS_DIR)/ImageSearch.app/ImageSearch";
			};
			name = Debug;
		};
		5DCACC85221FF9B600663D37 /* Release */ = {
			isa = XCBuildConfiguration;
			buildSettings = {
				ALWAYS_EMBED_SWIFT_STANDARD_LIBRARIES = YES;
				BUNDLE_LOADER = "$(TEST_HOST)";
				CODE_SIGN_STYLE = Automatic;
				DEVELOPMENT_TEAM = YDJUX2GJN8;
				INFOPLIST_FILE = ImageSearchTests/Info.plist;
				LD_RUNPATH_SEARCH_PATHS = (
					"$(inherited)",
					"@executable_path/Frameworks",
					"@loader_path/Frameworks",
				);
				PRODUCT_BUNDLE_IDENTIFIER = com.JDN.ImageSearchTests;
				PRODUCT_NAME = "$(TARGET_NAME)";
				SWIFT_VERSION = 4.2;
				TARGETED_DEVICE_FAMILY = "1,2";
				TEST_HOST = "$(BUILT_PRODUCTS_DIR)/ImageSearch.app/ImageSearch";
			};
			name = Release;
		};
		5DCACC87221FF9B600663D37 /* Debug */ = {
			isa = XCBuildConfiguration;
			buildSettings = {
				ALWAYS_EMBED_SWIFT_STANDARD_LIBRARIES = YES;
				CODE_SIGN_STYLE = Automatic;
				DEVELOPMENT_TEAM = YDJUX2GJN8;
				INFOPLIST_FILE = ImageSearchUITests/Info.plist;
				LD_RUNPATH_SEARCH_PATHS = (
					"$(inherited)",
					"@executable_path/Frameworks",
					"@loader_path/Frameworks",
				);
				PRODUCT_BUNDLE_IDENTIFIER = com.JDN.ImageSearchUITests;
				PRODUCT_NAME = "$(TARGET_NAME)";
				SWIFT_VERSION = 4.2;
				TARGETED_DEVICE_FAMILY = "1,2";
				TEST_TARGET_NAME = ImageSearch;
			};
			name = Debug;
		};
		5DCACC88221FF9B600663D37 /* Release */ = {
			isa = XCBuildConfiguration;
			buildSettings = {
				ALWAYS_EMBED_SWIFT_STANDARD_LIBRARIES = YES;
				CODE_SIGN_STYLE = Automatic;
				DEVELOPMENT_TEAM = YDJUX2GJN8;
				INFOPLIST_FILE = ImageSearchUITests/Info.plist;
				LD_RUNPATH_SEARCH_PATHS = (
					"$(inherited)",
					"@executable_path/Frameworks",
					"@loader_path/Frameworks",
				);
				PRODUCT_BUNDLE_IDENTIFIER = com.JDN.ImageSearchUITests;
				PRODUCT_NAME = "$(TARGET_NAME)";
				SWIFT_VERSION = 4.2;
				TARGETED_DEVICE_FAMILY = "1,2";
				TEST_TARGET_NAME = ImageSearch;
			};
			name = Release;
		};
/* End XCBuildConfiguration section */

/* Begin XCConfigurationList section */
		5DCACC53221FF9B500663D37 /* Build configuration list for PBXProject "ImageSearch" */ = {
			isa = XCConfigurationList;
			buildConfigurations = (
				5DCACC7E221FF9B600663D37 /* Debug */,
				5DCACC7F221FF9B600663D37 /* Release */,
			);
			defaultConfigurationIsVisible = 0;
			defaultConfigurationName = Release;
		};
		5DCACC80221FF9B600663D37 /* Build configuration list for PBXNativeTarget "ImageSearch" */ = {
			isa = XCConfigurationList;
			buildConfigurations = (
				5DCACC81221FF9B600663D37 /* Debug */,
				5DCACC82221FF9B600663D37 /* Release */,
			);
			defaultConfigurationIsVisible = 0;
			defaultConfigurationName = Release;
		};
		5DCACC83221FF9B600663D37 /* Build configuration list for PBXNativeTarget "ImageSearchTests" */ = {
			isa = XCConfigurationList;
			buildConfigurations = (
				5DCACC84221FF9B600663D37 /* Debug */,
				5DCACC85221FF9B600663D37 /* Release */,
			);
			defaultConfigurationIsVisible = 0;
			defaultConfigurationName = Release;
		};
		5DCACC86221FF9B600663D37 /* Build configuration list for PBXNativeTarget "ImageSearchUITests" */ = {
			isa = XCConfigurationList;
			buildConfigurations = (
				5DCACC87221FF9B600663D37 /* Debug */,
				5DCACC88221FF9B600663D37 /* Release */,
			);
			defaultConfigurationIsVisible = 0;
			defaultConfigurationName = Release;
		};
/* End XCConfigurationList section */
	};
	rootObject = 5DCACC50221FF9B500663D37 /* Project object */;
}
